
Microsoft Visual Studio Solution File, Format Version 12.00
# Visual Studio Version 17
VisualStudioVersion = 17.8.34525.116
MinimumVisualStudioVersion = 10.0.40219.1
Project("{9A19103F-16F7-4668-BE54-9A1E7A4F7556}") = "LanistaBrowserV1", "LanistaBrowserV1\LanistaBrowserV1.csproj", "{8CAB7C17-40D7-43C3-ABAF-76797DBABA3F}"
EndProject
Project("{9A19103F-16F7-4668-BE54-9A1E7A4F7556}") = "LanistaBrowserV1.Android", "LanistaBrowserV1.Android\LanistaBrowserV1.Android.csproj", "{2C1B1C3C-A283-4921-AD66-7DDC980C7ADB}"
EndProject
Project("{9A19103F-16F7-4668-BE54-9A1E7A4F7556}") = "LanistaBrowserV1.Desktop", "LanistaBrowserV1.Desktop\LanistaBrowserV1.Desktop.csproj", "{2EF05B51-714E-4A8D-A52E-E822C183D803}"
EndProject
Global
	GlobalSection(SolutionConfigurationPlatforms) = preSolution
		Debug|Any CPU = Debug|Any CPU
		Release|Any CPU = Release|Any CPU
	EndGlobalSection
	GlobalSection(ProjectConfigurationPlatforms) = postSolution
		{8CAB7C17-40D7-43C3-ABAF-76797DBABA3F}.Debug|Any CPU.ActiveCfg = Debug|Any CPU
		{8CAB7C17-40D7-43C3-ABAF-76797DBABA3F}.Debug|Any CPU.Build.0 = Debug|Any CPU
		{8CAB7C17-40D7-43C3-ABAF-76797DBABA3F}.Release|Any CPU.ActiveCfg = Release|Any CPU
		{8CAB7C17-40D7-43C3-ABAF-76797DBABA3F}.Release|Any CPU.Build.0 = Release|Any CPU
		{2C1B1C3C-A283-4921-AD66-7DDC980C7ADB}.Debug|Any CPU.ActiveCfg = Debug|Any CPU
		{2C1B1C3C-A283-4921-AD66-7DDC980C7ADB}.Debug|Any CPU.Build.0 = Debug|Any CPU
		{2C1B1C3C-A283-4921-AD66-7DDC980C7ADB}.Debug|Any CPU.Deploy.0 = Debug|Any CPU
		{2C1B1C3C-A283-4921-AD66-7DDC980C7ADB}.Release|Any CPU.ActiveCfg = Release|Any CPU
		{2C1B1C3C-A283-4921-AD66-7DDC980C7ADB}.Release|Any CPU.Build.0 = Release|Any CPU
		{2C1B1C3C-A283-4921-AD66-7DDC980C7ADB}.Release|Any CPU.Deploy.0 = Release|Any CPU
		{2EF05B51-714E-4A8D-A52E-E822C183D803}.Debug|Any CPU.ActiveCfg = Debug|Any CPU
		{2EF05B51-714E-4A8D-A52E-E822C183D803}.Debug|Any CPU.Build.0 = Debug|Any CPU
		{2EF05B51-714E-4A8D-A52E-E822C183D803}.Release|Any CPU.ActiveCfg = Release|Any CPU
		{2EF05B51-714E-4A8D-A52E-E822C183D803}.Release|Any CPU.Build.0 = Release|Any CPU
	EndGlobalSection
	GlobalSection(SolutionProperties) = preSolution
		HideSolutionNode = FALSE
	EndGlobalSection
	GlobalSection(ExtensibilityGlobals) = postSolution
		SolutionGuid = {7BA8B612-73BE-4EBE-9FC2-0728AD9FB861}
	EndGlobalSection
EndGlobal
